// !$*UTF8*$!
{
	archiveVersion = 1;
	classes = {
	};
	objectVersion = 46;
	objects = {

/* Begin PBXBuildFile section */
		04880E4E1DCA244200F571A0 /* AppDelegate.swift in Sources */ = {isa = PBXBuildFile; fileRef = 04880E4D1DCA244200F571A0 /* AppDelegate.swift */; };
		04880E501DCA244200F571A0 /* ViewController.swift in Sources */ = {isa = PBXBuildFile; fileRef = 04880E4F1DCA244200F571A0 /* ViewController.swift */; };
		04880E521DCA244200F571A0 /* Assets.xcassets in Resources */ = {isa = PBXBuildFile; fileRef = 04880E511DCA244200F571A0 /* Assets.xcassets */; };
		04880E551DCA244500F571A0 /* Main.storyboard in Resources */ = {isa = PBXBuildFile; fileRef = 04880E531DCA244500F571A0 /* Main.storyboard */; };
		04880E821DCA252A00F571A0 /* SwiftyZeroMQ.framework in Frameworks */ = {isa = PBXBuildFile; fileRef = 04880E7F1DCA251400F571A0 /* SwiftyZeroMQ.framework */; };
		04880E831DCA252A00F571A0 /* SwiftyZeroMQ.framework in Embed Frameworks */ = {isa = PBXBuildFile; fileRef = 04880E7F1DCA251400F571A0 /* SwiftyZeroMQ.framework */; settings = {ATTRIBUTES = (CodeSignOnCopy, RemoveHeadersOnCopy, ); }; };
/* End PBXBuildFile section */

/* Begin PBXContainerItemProxy section */
		04880E5C1DCA244600F571A0 /* PBXContainerItemProxy */ = {
			isa = PBXContainerItemProxy;
			containerPortal = 04880E421DCA244000F571A0 /* Project object */;
			proxyType = 1;
			remoteGlobalIDString = 04880E491DCA244100F571A0;
			remoteInfo = "Example-macOS";
		};
		04880E741DCA251400F571A0 /* PBXContainerItemProxy */ = {
			isa = PBXContainerItemProxy;
			containerPortal = 04880E6A1DCA251400F571A0 /* SwiftyZeroMQ.xcodeproj */;
			proxyType = 2;
			remoteGlobalIDString = 04D84E331DB637E800AD9652;
			remoteInfo = "SwiftyZeroMQ-iOS";
		};
		04880E761DCA251400F571A0 /* PBXContainerItemProxy */ = {
			isa = PBXContainerItemProxy;
			containerPortal = 04880E6A1DCA251400F571A0 /* SwiftyZeroMQ.xcodeproj */;
			proxyType = 2;
			remoteGlobalIDString = 04D84E3C1DB637E800AD9652;
			remoteInfo = "SwiftyZeroMQ-iOS Tests";
		};
		04880E781DCA251400F571A0 /* PBXContainerItemProxy */ = {
			isa = PBXContainerItemProxy;
			containerPortal = 04880E6A1DCA251400F571A0 /* SwiftyZeroMQ.xcodeproj */;
			proxyType = 2;
			remoteGlobalIDString = 04AA85651DC9E1390026AE5E;
			remoteInfo = "SwiftyZeroMQ-watchOS";
		};
		04880E7A1DCA251400F571A0 /* PBXContainerItemProxy */ = {
			isa = PBXContainerItemProxy;
			containerPortal = 04880E6A1DCA251400F571A0 /* SwiftyZeroMQ.xcodeproj */;
			proxyType = 2;
			remoteGlobalIDString = 04AA857F1DC9E5770026AE5E;
			remoteInfo = "SwiftyZeroMQ-tvOS";
		};
		04880E7C1DCA251400F571A0 /* PBXContainerItemProxy */ = {
			isa = PBXContainerItemProxy;
			containerPortal = 04880E6A1DCA251400F571A0 /* SwiftyZeroMQ.xcodeproj */;
			proxyType = 2;
			remoteGlobalIDString = 04AA85871DC9E5780026AE5E;
			remoteInfo = "SwiftyZeroMQ-tvOSTests";
		};
		04880E7E1DCA251400F571A0 /* PBXContainerItemProxy */ = {
			isa = PBXContainerItemProxy;
			containerPortal = 04880E6A1DCA251400F571A0 /* SwiftyZeroMQ.xcodeproj */;
			proxyType = 2;
			remoteGlobalIDString = 04AA85E01DC9EF0E0026AE5E;
			remoteInfo = "SwiftyZeroMQ-macOS";
		};
		04880E801DCA251400F571A0 /* PBXContainerItemProxy */ = {
			isa = PBXContainerItemProxy;
			containerPortal = 04880E6A1DCA251400F571A0 /* SwiftyZeroMQ.xcodeproj */;
			proxyType = 2;
			remoteGlobalIDString = 04AA85E81DC9EF0E0026AE5E;
			remoteInfo = "SwiftyZeroMQ-macOSTests";
		};
		04880E841DCA252A00F571A0 /* PBXContainerItemProxy */ = {
			isa = PBXContainerItemProxy;
			containerPortal = 04880E6A1DCA251400F571A0 /* SwiftyZeroMQ.xcodeproj */;
			proxyType = 1;
			remoteGlobalIDString = 04AA85DF1DC9EF0E0026AE5E;
			remoteInfo = "SwiftyZeroMQ-macOS";
		};
/* End PBXContainerItemProxy section */

/* Begin PBXCopyFilesBuildPhase section */
		04880E861DCA252A00F571A0 /* Embed Frameworks */ = {
			isa = PBXCopyFilesBuildPhase;
			buildActionMask = 2147483647;
			dstPath = "";
			dstSubfolderSpec = 10;
			files = (
				04880E831DCA252A00F571A0 /* SwiftyZeroMQ.framework in Embed Frameworks */,
			);
			name = "Embed Frameworks";
			runOnlyForDeploymentPostprocessing = 0;
		};
/* End PBXCopyFilesBuildPhase section */

/* Begin PBXFileReference section */
		04880E4A1DCA244200F571A0 /* Example-macOS.app */ = {isa = PBXFileReference; explicitFileType = wrapper.application; includeInIndex = 0; path = "Example-macOS.app"; sourceTree = BUILT_PRODUCTS_DIR; };
		04880E4D1DCA244200F571A0 /* AppDelegate.swift */ = {isa = PBXFileReference; lastKnownFileType = sourcecode.swift; path = AppDelegate.swift; sourceTree = "<group>"; };
		04880E4F1DCA244200F571A0 /* ViewController.swift */ = {isa = PBXFileReference; lastKnownFileType = sourcecode.swift; path = ViewController.swift; sourceTree = "<group>"; };
		04880E511DCA244200F571A0 /* Assets.xcassets */ = {isa = PBXFileReference; lastKnownFileType = folder.assetcatalog; path = Assets.xcassets; sourceTree = "<group>"; };
		04880E541DCA244500F571A0 /* Base */ = {isa = PBXFileReference; lastKnownFileType = file.storyboard; name = Base; path = Base.lproj/Main.storyboard; sourceTree = "<group>"; };
		04880E561DCA244600F571A0 /* Info.plist */ = {isa = PBXFileReference; lastKnownFileType = text.plist.xml; path = Info.plist; sourceTree = "<group>"; };
		04880E5B1DCA244600F571A0 /* Example-macOSTests.xctest */ = {isa = PBXFileReference; explicitFileType = wrapper.cfbundle; includeInIndex = 0; path = "Example-macOSTests.xctest"; sourceTree = BUILT_PRODUCTS_DIR; };
		04880E6A1DCA251400F571A0 /* SwiftyZeroMQ.xcodeproj */ = {isa = PBXFileReference; lastKnownFileType = "wrapper.pb-project"; name = SwiftyZeroMQ.xcodeproj; path = ../SwiftyZeroMQ.xcodeproj; sourceTree = "<group>"; };
/* End PBXFileReference section */

/* Begin PBXFrameworksBuildPhase section */
		04880E471DCA244100F571A0 /* Frameworks */ = {
			isa = PBXFrameworksBuildPhase;
			buildActionMask = 2147483647;
			files = (
				04880E821DCA252A00F571A0 /* SwiftyZeroMQ.framework in Frameworks */,
			);
			runOnlyForDeploymentPostprocessing = 0;
		};
		04880E581DCA244600F571A0 /* Frameworks */ = {
			isa = PBXFrameworksBuildPhase;
			buildActionMask = 2147483647;
			files = (
			);
			runOnlyForDeploymentPostprocessing = 0;
		};
/* End PBXFrameworksBuildPhase section */

/* Begin PBXGroup section */
		04880E411DCA244000F571A0 = {
			isa = PBXGroup;
			children = (
				04880E4C1DCA244200F571A0 /* Example-macOS */,
				04880E4B1DCA244200F571A0 /* Products */,
				04880E6A1DCA251400F571A0 /* SwiftyZeroMQ.xcodeproj */,
			);
			sourceTree = "<group>";
		};
		04880E4B1DCA244200F571A0 /* Products */ = {
			isa = PBXGroup;
			children = (
				04880E4A1DCA244200F571A0 /* Example-macOS.app */,
				04880E5B1DCA244600F571A0 /* Example-macOSTests.xctest */,
			);
			name = Products;
			sourceTree = "<group>";
		};
		04880E4C1DCA244200F571A0 /* Example-macOS */ = {
			isa = PBXGroup;
			children = (
				04880E4D1DCA244200F571A0 /* AppDelegate.swift */,
				04880E4F1DCA244200F571A0 /* ViewController.swift */,
				04880E511DCA244200F571A0 /* Assets.xcassets */,
				04880E531DCA244500F571A0 /* Main.storyboard */,
				04880E561DCA244600F571A0 /* Info.plist */,
			);
			path = "Example-macOS";
			sourceTree = "<group>";
		};
		04880E6B1DCA251400F571A0 /* Products */ = {
			isa = PBXGroup;
			children = (
				04880E751DCA251400F571A0 /* SwiftyZeroMQ.framework */,
				04880E771DCA251400F571A0 /* SwiftyZeroMQ-iOS Tests.xctest */,
				04880E791DCA251400F571A0 /* SwiftyZeroMQ.framework */,
				04880E7B1DCA251400F571A0 /* SwiftyZeroMQ.framework */,
				04880E7D1DCA251400F571A0 /* SwiftyZeroMQ-tvOSTests.xctest */,
				04880E7F1DCA251400F571A0 /* SwiftyZeroMQ.framework */,
				04880E811DCA251400F571A0 /* SwiftyZeroMQ-macOSTests.xctest */,
			);
			name = Products;
			sourceTree = "<group>";
		};
/* End PBXGroup section */

/* Begin PBXNativeTarget section */
		04880E491DCA244100F571A0 /* Example-macOS */ = {
			isa = PBXNativeTarget;
			buildConfigurationList = 04880E641DCA244900F571A0 /* Build configuration list for PBXNativeTarget "Example-macOS" */;
			buildPhases = (
				04880E461DCA244100F571A0 /* Sources */,
				04880E471DCA244100F571A0 /* Frameworks */,
				04880E481DCA244100F571A0 /* Resources */,
				04880E861DCA252A00F571A0 /* Embed Frameworks */,
			);
			buildRules = (
			);
			dependencies = (
				04880E851DCA252A00F571A0 /* PBXTargetDependency */,
			);
			name = "Example-macOS";
			productName = "Example-macOS";
			productReference = 04880E4A1DCA244200F571A0 /* Example-macOS.app */;
			productType = "com.apple.product-type.application";
		};
		04880E5A1DCA244600F571A0 /* Example-macOSTests */ = {
			isa = PBXNativeTarget;
			buildConfigurationList = 04880E671DCA244900F571A0 /* Build configuration list for PBXNativeTarget "Example-macOSTests" */;
			buildPhases = (
				04880E571DCA244600F571A0 /* Sources */,
				04880E581DCA244600F571A0 /* Frameworks */,
				04880E591DCA244600F571A0 /* Resources */,
			);
			buildRules = (
			);
			dependencies = (
				04880E5D1DCA244600F571A0 /* PBXTargetDependency */,
			);
			name = "Example-macOSTests";
			productName = "Example-macOSTests";
			productReference = 04880E5B1DCA244600F571A0 /* Example-macOSTests.xctest */;
			productType = "com.apple.product-type.bundle.unit-test";
		};
/* End PBXNativeTarget section */

/* Begin PBXProject section */
		04880E421DCA244000F571A0 /* Project object */ = {
			isa = PBXProject;
			attributes = {
				LastSwiftUpdateCheck = 0800;
				LastUpgradeCheck = 0800;
				ORGANIZATIONNAME = azawawi;
				TargetAttributes = {
					04880E491DCA244100F571A0 = {
						CreatedOnToolsVersion = 8.0;
						ProvisioningStyle = Automatic;
					};
					04880E5A1DCA244600F571A0 = {
						CreatedOnToolsVersion = 8.0;
						ProvisioningStyle = Automatic;
						TestTargetID = 04880E491DCA244100F571A0;
					};
				};
			};
			buildConfigurationList = 04880E451DCA244000F571A0 /* Build configuration list for PBXProject "Example-macOS" */;
			compatibilityVersion = "Xcode 3.2";
			developmentRegion = English;
			hasScannedForEncodings = 0;
			knownRegions = (
				en,
				Base,
			);
			mainGroup = 04880E411DCA244000F571A0;
			productRefGroup = 04880E4B1DCA244200F571A0 /* Products */;
			projectDirPath = "";
			projectReferences = (
				{
					ProductGroup = 04880E6B1DCA251400F571A0 /* Products */;
					ProjectRef = 04880E6A1DCA251400F571A0 /* SwiftyZeroMQ.xcodeproj */;
				},
			);
			projectRoot = "";
			targets = (
				04880E491DCA244100F571A0 /* Example-macOS */,
				04880E5A1DCA244600F571A0 /* Example-macOSTests */,
			);
		};
/* End PBXProject section */

/* Begin PBXReferenceProxy section */
		04880E751DCA251400F571A0 /* SwiftyZeroMQ.framework */ = {
			isa = PBXReferenceProxy;
			fileType = wrapper.framework;
			path = SwiftyZeroMQ.framework;
			remoteRef = 04880E741DCA251400F571A0 /* PBXContainerItemProxy */;
			sourceTree = BUILT_PRODUCTS_DIR;
		};
		04880E771DCA251400F571A0 /* SwiftyZeroMQ-iOS Tests.xctest */ = {
			isa = PBXReferenceProxy;
			fileType = wrapper.cfbundle;
			path = "SwiftyZeroMQ-iOS Tests.xctest";
			remoteRef = 04880E761DCA251400F571A0 /* PBXContainerItemProxy */;
			sourceTree = BUILT_PRODUCTS_DIR;
		};
		04880E791DCA251400F571A0 /* SwiftyZeroMQ.framework */ = {
			isa = PBXReferenceProxy;
			fileType = wrapper.framework;
			path = SwiftyZeroMQ.framework;
			remoteRef = 04880E781DCA251400F571A0 /* PBXContainerItemProxy */;
			sourceTree = BUILT_PRODUCTS_DIR;
		};
		04880E7B1DCA251400F571A0 /* SwiftyZeroMQ.framework */ = {
			isa = PBXReferenceProxy;
			fileType = wrapper.framework;
			path = SwiftyZeroMQ.framework;
			remoteRef = 04880E7A1DCA251400F571A0 /* PBXContainerItemProxy */;
			sourceTree = BUILT_PRODUCTS_DIR;
		};
		04880E7D1DCA251400F571A0 /* SwiftyZeroMQ-tvOSTests.xctest */ = {
			isa = PBXReferenceProxy;
			fileType = wrapper.cfbundle;
			path = "SwiftyZeroMQ-tvOSTests.xctest";
			remoteRef = 04880E7C1DCA251400F571A0 /* PBXContainerItemProxy */;
			sourceTree = BUILT_PRODUCTS_DIR;
		};
		04880E7F1DCA251400F571A0 /* SwiftyZeroMQ.framework */ = {
			isa = PBXReferenceProxy;
			fileType = wrapper.framework;
			path = SwiftyZeroMQ.framework;
			remoteRef = 04880E7E1DCA251400F571A0 /* PBXContainerItemProxy */;
			sourceTree = BUILT_PRODUCTS_DIR;
		};
		04880E811DCA251400F571A0 /* SwiftyZeroMQ-macOSTests.xctest */ = {
			isa = PBXReferenceProxy;
			fileType = wrapper.cfbundle;
			path = "SwiftyZeroMQ-macOSTests.xctest";
			remoteRef = 04880E801DCA251400F571A0 /* PBXContainerItemProxy */;
			sourceTree = BUILT_PRODUCTS_DIR;
		};
/* End PBXReferenceProxy section */

/* Begin PBXResourcesBuildPhase section */
		04880E481DCA244100F571A0 /* Resources */ = {
			isa = PBXResourcesBuildPhase;
			buildActionMask = 2147483647;
			files = (
				04880E521DCA244200F571A0 /* Assets.xcassets in Resources */,
				04880E551DCA244500F571A0 /* Main.storyboard in Resources */,
			);
			runOnlyForDeploymentPostprocessing = 0;
		};
		04880E591DCA244600F571A0 /* Resources */ = {
			isa = PBXResourcesBuildPhase;
			buildActionMask = 2147483647;
			files = (
			);
			runOnlyForDeploymentPostprocessing = 0;
		};
/* End PBXResourcesBuildPhase section */

/* Begin PBXSourcesBuildPhase section */
		04880E461DCA244100F571A0 /* Sources */ = {
			isa = PBXSourcesBuildPhase;
			buildActionMask = 2147483647;
			files = (
				04880E501DCA244200F571A0 /* ViewController.swift in Sources */,
				04880E4E1DCA244200F571A0 /* AppDelegate.swift in Sources */,
			);
			runOnlyForDeploymentPostprocessing = 0;
		};
		04880E571DCA244600F571A0 /* Sources */ = {
			isa = PBXSourcesBuildPhase;
			buildActionMask = 2147483647;
			files = (
			);
			runOnlyForDeploymentPostprocessing = 0;
		};
/* End PBXSourcesBuildPhase section */

/* Begin PBXTargetDependency section */
		04880E5D1DCA244600F571A0 /* PBXTargetDependency */ = {
			isa = PBXTargetDependency;
			target = 04880E491DCA244100F571A0 /* Example-macOS */;
			targetProxy = 04880E5C1DCA244600F571A0 /* PBXContainerItemProxy */;
		};
		04880E851DCA252A00F571A0 /* PBXTargetDependency */ = {
			isa = PBXTargetDependency;
			name = "SwiftyZeroMQ-macOS";
			targetProxy = 04880E841DCA252A00F571A0 /* PBXContainerItemProxy */;
		};
/* End PBXTargetDependency section */

/* Begin PBXVariantGroup section */
		04880E531DCA244500F571A0 /* Main.storyboard */ = {
			isa = PBXVariantGroup;
			children = (
				04880E541DCA244500F571A0 /* Base */,
			);
			name = Main.storyboard;
			sourceTree = "<group>";
		};
/* End PBXVariantGroup section */

/* Begin XCBuildConfiguration section */
		04880E621DCA244900F571A0 /* Debug */ = {
			isa = XCBuildConfiguration;
			buildSettings = {
				ALWAYS_SEARCH_USER_PATHS = NO;
				CLANG_ANALYZER_NONNULL = YES;
				CLANG_CXX_LANGUAGE_STANDARD = "gnu++0x";
				CLANG_CXX_LIBRARY = "libc++";
				CLANG_ENABLE_MODULES = YES;
				CLANG_ENABLE_OBJC_ARC = YES;
				CLANG_WARN_BOOL_CONVERSION = YES;
				CLANG_WARN_CONSTANT_CONVERSION = YES;
				CLANG_WARN_DIRECT_OBJC_ISA_USAGE = YES_ERROR;
				CLANG_WARN_DOCUMENTATION_COMMENTS = YES;
				CLANG_WARN_EMPTY_BODY = YES;
				CLANG_WARN_ENUM_CONVERSION = YES;
				CLANG_WARN_INFINITE_RECURSION = YES;
				CLANG_WARN_INT_CONVERSION = YES;
				CLANG_WARN_OBJC_ROOT_CLASS = YES_ERROR;
				CLANG_WARN_SUSPICIOUS_MOVES = YES;
				CLANG_WARN_UNREACHABLE_CODE = YES;
				CLANG_WARN__DUPLICATE_METHOD_MATCH = YES;
				CODE_SIGN_IDENTITY = "-";
				COPY_PHASE_STRIP = NO;
				DEBUG_INFORMATION_FORMAT = dwarf;
				ENABLE_STRICT_OBJC_MSGSEND = YES;
				ENABLE_TESTABILITY = YES;
				GCC_C_LANGUAGE_STANDARD = gnu99;
				GCC_DYNAMIC_NO_PIC = NO;
				GCC_NO_COMMON_BLOCKS = YES;
				GCC_OPTIMIZATION_LEVEL = 0;
				GCC_PREPROCESSOR_DEFINITIONS = (
					"DEBUG=1",
					"$(inherited)",
				);
				GCC_WARN_64_TO_32_BIT_CONVERSION = YES;
				GCC_WARN_ABOUT_RETURN_TYPE = YES_ERROR;
				GCC_WARN_UNDECLARED_SELECTOR = YES;
				GCC_WARN_UNINITIALIZED_AUTOS = YES_AGGRESSIVE;
				GCC_WARN_UNUSED_FUNCTION = YES;
				GCC_WARN_UNUSED_VARIABLE = YES;
				MACOSX_DEPLOYMENT_TARGET = 10.11;
				MTL_ENABLE_DEBUG_INFO = YES;
				ONLY_ACTIVE_ARCH = YES;
				SDKROOT = macosx;
				SWIFT_ACTIVE_COMPILATION_CONDITIONS = DEBUG;
				SWIFT_OPTIMIZATION_LEVEL = "-Onone";
			};
			name = Debug;
		};
		04880E631DCA244900F571A0 /* Release */ = {
			isa = XCBuildConfiguration;
			buildSettings = {
				ALWAYS_SEARCH_USER_PATHS = NO;
				CLANG_ANALYZER_NONNULL = YES;
				CLANG_CXX_LANGUAGE_STANDARD = "gnu++0x";
				CLANG_CXX_LIBRARY = "libc++";
				CLANG_ENABLE_MODULES = YES;
				CLANG_ENABLE_OBJC_ARC = YES;
				CLANG_WARN_BOOL_CONVERSION = YES;
				CLANG_WARN_CONSTANT_CONVERSION = YES;
				CLANG_WARN_DIRECT_OBJC_ISA_USAGE = YES_ERROR;
				CLANG_WARN_DOCUMENTATION_COMMENTS = YES;
				CLANG_WARN_EMPTY_BODY = YES;
				CLANG_WARN_ENUM_CONVERSION = YES;
				CLANG_WARN_INFINITE_RECURSION = YES;
				CLANG_WARN_INT_CONVERSION = YES;
				CLANG_WARN_OBJC_ROOT_CLASS = YES_ERROR;
				CLANG_WARN_SUSPICIOUS_MOVES = YES;
				CLANG_WARN_UNREACHABLE_CODE = YES;
				CLANG_WARN__DUPLICATE_METHOD_MATCH = YES;
				CODE_SIGN_IDENTITY = "-";
				COPY_PHASE_STRIP = NO;
				DEBUG_INFORMATION_FORMAT = "dwarf-with-dsym";
				ENABLE_NS_ASSERTIONS = NO;
				ENABLE_STRICT_OBJC_MSGSEND = YES;
				GCC_C_LANGUAGE_STANDARD = gnu99;
				GCC_NO_COMMON_BLOCKS = YES;
				GCC_WARN_64_TO_32_BIT_CONVERSION = YES;
				GCC_WARN_ABOUT_RETURN_TYPE = YES_ERROR;
				GCC_WARN_UNDECLARED_SELECTOR = YES;
				GCC_WARN_UNINITIALIZED_AUTOS = YES_AGGRESSIVE;
				GCC_WARN_UNUSED_FUNCTION = YES;
				GCC_WARN_UNUSED_VARIABLE = YES;
				MACOSX_DEPLOYMENT_TARGET = 10.11;
				MTL_ENABLE_DEBUG_INFO = NO;
				SDKROOT = macosx;
				SWIFT_OPTIMIZATION_LEVEL = "-Owholemodule";
			};
			name = Release;
		};
		04880E651DCA244900F571A0 /* Debug */ = {
			isa = XCBuildConfiguration;
			buildSettings = {
				ALWAYS_EMBED_SWIFT_STANDARD_LIBRARIES = YES;
				ASSETCATALOG_COMPILER_APPICON_NAME = AppIcon;
				COMBINE_HIDPI_IMAGES = YES;
				INFOPLIST_FILE = "Example-macOS/Info.plist";
				LD_RUNPATH_SEARCH_PATHS = "$(inherited) @executable_path/../Frameworks";
				PRODUCT_BUNDLE_IDENTIFIER = "org.azawawi.Example-macOS";
				PRODUCT_NAME = "$(TARGET_NAME)";
				SWIFT_VERSION = 3.0;
			};
			name = Debug;
		};
		04880E661DCA244900F571A0 /* Release */ = {
			isa = XCBuildConfiguration;
			buildSettings = {
				ALWAYS_EMBED_SWIFT_STANDARD_LIBRARIES = YES;
				ASSETCATALOG_COMPILER_APPICON_NAME = AppIcon;
				COMBINE_HIDPI_IMAGES = YES;
				INFOPLIST_FILE = "Example-macOS/Info.plist";
				LD_RUNPATH_SEARCH_PATHS = "$(inherited) @executable_path/../Frameworks";
				PRODUCT_BUNDLE_IDENTIFIER = "org.azawawi.Example-macOS";
				PRODUCT_NAME = "$(TARGET_NAME)";
				SWIFT_VERSION = 3.0;
			};
			name = Release;
		};
		04880E681DCA244900F571A0 /* Debug */ = {
			isa = XCBuildConfiguration;
			buildSettings = {
				ALWAYS_EMBED_SWIFT_STANDARD_LIBRARIES = YES;
				BUNDLE_LOADER = "$(TEST_HOST)";
				COMBINE_HIDPI_IMAGES = YES;
				INFOPLIST_FILE = "Example-macOSTests/Info.plist";
				LD_RUNPATH_SEARCH_PATHS = "$(inherited) @executable_path/../Frameworks @loader_path/../Frameworks";
				PRODUCT_BUNDLE_IDENTIFIER = "org.azawawi.Example-macOSTests";
				PRODUCT_NAME = "$(TARGET_NAME)";
				SWIFT_VERSION = 3.0;
				TEST_HOST = "$(BUILT_PRODUCTS_DIR)/Example-macOS.app/Contents/MacOS/Example-macOS";
			};
			name = Debug;
		};
		04880E691DCA244900F571A0 /* Release */ = {
			isa = XCBuildConfiguration;
			buildSettings = {
				ALWAYS_EMBED_SWIFT_STANDARD_LIBRARIES = YES;
				BUNDLE_LOADER = "$(TEST_HOST)";
				COMBINE_HIDPI_IMAGES = YES;
				INFOPLIST_FILE = "Example-macOSTests/Info.plist";
				LD_RUNPATH_SEARCH_PATHS = "$(inherited) @executable_path/../Frameworks @loader_path/../Frameworks";
				PRODUCT_BUNDLE_IDENTIFIER = "org.azawawi.Example-macOSTests";
				PRODUCT_NAME = "$(TARGET_NAME)";
				SWIFT_VERSION = 3.0;
				TEST_HOST = "$(BUILT_PRODUCTS_DIR)/Example-macOS.app/Contents/MacOS/Example-macOS";
			};
			name = Release;
		};
/* End XCBuildConfiguration section */

/* Begin XCConfigurationList section */
		04880E451DCA244000F571A0 /* Build configuration list for PBXProject "Example-macOS" */ = {
			isa = XCConfigurationList;
			buildConfigurations = (
				04880E621DCA244900F571A0 /* Debug */,
				04880E631DCA244900F571A0 /* Release */,
			);
			defaultConfigurationIsVisible = 0;
			defaultConfigurationName = Release;
		};
		04880E641DCA244900F571A0 /* Build configuration list for PBXNativeTarget "Example-macOS" */ = {
			isa = XCConfigurationList;
			buildConfigurations = (
				04880E651DCA244900F571A0 /* Debug */,
				04880E661DCA244900F571A0 /* Release */,
			);
			defaultConfigurationIsVisible = 0;
		};
		04880E671DCA244900F571A0 /* Build configuration list for PBXNativeTarget "Example-macOSTests" */ = {
			isa = XCConfigurationList;
			buildConfigurations = (
				04880E681DCA244900F571A0 /* Debug */,
				04880E691DCA244900F571A0 /* Release */,
			);
			defaultConfigurationIsVisible = 0;
		};
/* End XCConfigurationList section */
	};
	rootObject = 04880E421DCA244000F571A0 /* Project object */;
}
